
Microsoft Visual Studio Solution File, Format Version 12.00
# Visual Studio Version 17
VisualStudioVersion = 17.9.34723.18
MinimumVisualStudioVersion = 10.0.40219.1
Project("{FAE04EC0-301F-11D3-BF4B-00C04F79EFBC}") = "ScalePlayer", "ScalePlayer\ScalePlayer.csproj", "{67D1B2EB-C706-4D88-BEBF-A2EDF2DAAA4D}"
EndProject
Global
	GlobalSection(SolutionConfigurationPlatforms) = preSolution
		Debug|Any CPU = Debug|Any CPU
		Release|Any CPU = Release|Any CPU
	EndGlobalSection
	GlobalSection(ProjectConfigurationPlatforms) = postSolution
		{67D1B2EB-C706-4D88-BEBF-A2EDF2DAAA4D}.Debug|Any CPU.ActiveCfg = Debug|Any CPU
		{67D1B2EB-C706-4D88-BEBF-A2EDF2DAAA4D}.Debug|Any CPU.Build.0 = Debug|Any CPU
		{67D1B2EB-C706-4D88-BEBF-A2EDF2DAAA4D}.Release|Any CPU.ActiveCfg = Release|Any CPU
		{67D1B2EB-C706-4D88-BEBF-A2EDF2DAAA4D}.Release|Any CPU.Build.0 = Release|Any CPU
	EndGlobalSection
	GlobalSection(SolutionProperties) = preSolution
		HideSolutionNode = FALSE
	EndGlobalSection
	GlobalSection(ExtensibilityGlobals) = postSolution
		SolutionGuid = {9B717BBE-8B7E-482E-A331-51C4E44B1DC1}
	EndGlobalSection
EndGlobal
